// !$*UTF8*$!
{
	archiveVersion = 1;
	classes = {
	};
	objectVersion = 46;
	objects = {

/* Begin PBXBuildFile section */
		AB3811221A6D510F00B45532 /* main.m in Sources */ = {isa = PBXBuildFile; fileRef = AB3811211A6D510F00B45532 /* main.m */; };
		AB3811251A6D510F00B45532 /* AppDelegate.m in Sources */ = {isa = PBXBuildFile; fileRef = AB3811241A6D510F00B45532 /* AppDelegate.m */; };
		AB3811281A6D510F00B45532 /* ViewController.m in Sources */ = {isa = PBXBuildFile; fileRef = AB3811271A6D510F00B45532 /* ViewController.m */; };
		AB38112D1A6D510F00B45532 /* Images.xcassets in Resources */ = {isa = PBXBuildFile; fileRef = AB38112C1A6D510F00B45532 /* Images.xcassets */; };
		AB3811301A6D510F00B45532 /* LaunchScreen.xib in Resources */ = {isa = PBXBuildFile; fileRef = AB38112E1A6D510F00B45532 /* LaunchScreen.xib */; };
		AB3811471A6D5A0D00B45532 /* CounterViewController.m in Sources */ = {isa = PBXBuildFile; fileRef = AB3811461A6D5A0D00B45532 /* CounterViewController.m */; };
		AB38114A1A6E514300B45532 /* NumberedViewController.m in Sources */ = {isa = PBXBuildFile; fileRef = AB3811491A6E514300B45532 /* NumberedViewController.m */; };
		AB38114D1A6E5BF500B45532 /* LabelViewController.m in Sources */ = {isa = PBXBuildFile; fileRef = AB38114C1A6E5BF500B45532 /* LabelViewController.m */; };
		AB6F40401A6E633F00DFF80A /* PresentedViewController.m in Sources */ = {isa = PBXBuildFile; fileRef = AB6F403F1A6E633F00DFF80A /* PresentedViewController.m */; };
		AB6F40431A6E634800DFF80A /* PresentingViewController.m in Sources */ = {isa = PBXBuildFile; fileRef = AB6F40421A6E634800DFF80A /* PresentingViewController.m */; };
		AB6F40461A6E831F00DFF80A /* SlotViewController.m in Sources */ = {isa = PBXBuildFile; fileRef = AB6F40451A6E831F00DFF80A /* SlotViewController.m */; };
		AB6F40491A6E913800DFF80A /* WelcomeTableViewController.m in Sources */ = {isa = PBXBuildFile; fileRef = AB6F40481A6E913800DFF80A /* WelcomeTableViewController.m */; };
		AB6F404C1A6E93C100DFF80A /* DetailedTableViewController.m in Sources */ = {isa = PBXBuildFile; fileRef = AB6F404B1A6E93C100DFF80A /* DetailedTableViewController.m */; };
		AB6F404F1A6E962700DFF80A /* SliderCell.m in Sources */ = {isa = PBXBuildFile; fileRef = AB6F404E1A6E962700DFF80A /* SliderCell.m */; };
/* End PBXBuildFile section */

/* Begin PBXFileReference section */
		AB38111C1A6D510F00B45532 /* Supinfo.app */ = {isa = PBXFileReference; explicitFileType = wrapper.application; includeInIndex = 0; path = Supinfo.app; sourceTree = BUILT_PRODUCTS_DIR; };
		AB3811201A6D510F00B45532 /* Info.plist */ = {isa = PBXFileReference; lastKnownFileType = text.plist.xml; path = Info.plist; sourceTree = "<group>"; };
		AB3811211A6D510F00B45532 /* main.m */ = {isa = PBXFileReference; lastKnownFileType = sourcecode.c.objc; path = main.m; sourceTree = "<group>"; };
		AB3811231A6D510F00B45532 /* AppDelegate.h */ = {isa = PBXFileReference; lastKnownFileType = sourcecode.c.h; path = AppDelegate.h; sourceTree = "<group>"; };
		AB3811241A6D510F00B45532 /* AppDelegate.m */ = {isa = PBXFileReference; lastKnownFileType = sourcecode.c.objc; path = AppDelegate.m; sourceTree = "<group>"; };
		AB3811261A6D510F00B45532 /* ViewController.h */ = {isa = PBXFileReference; lastKnownFileType = sourcecode.c.h; path = ViewController.h; sourceTree = "<group>"; };
		AB3811271A6D510F00B45532 /* ViewController.m */ = {isa = PBXFileReference; lastKnownFileType = sourcecode.c.objc; path = ViewController.m; sourceTree = "<group>"; };
		AB38112C1A6D510F00B45532 /* Images.xcassets */ = {isa = PBXFileReference; lastKnownFileType = folder.assetcatalog; path = Images.xcassets; sourceTree = "<group>"; };
		AB38112F1A6D510F00B45532 /* Base */ = {isa = PBXFileReference; lastKnownFileType = file.xib; name = Base; path = Base.lproj/LaunchScreen.xib; sourceTree = "<group>"; };
		AB3811451A6D5A0D00B45532 /* CounterViewController.h */ = {isa = PBXFileReference; fileEncoding = 4; lastKnownFileType = sourcecode.c.h; path = CounterViewController.h; sourceTree = "<group>"; };
		AB3811461A6D5A0D00B45532 /* CounterViewController.m */ = {isa = PBXFileReference; fileEncoding = 4; lastKnownFileType = sourcecode.c.objc; path = CounterViewController.m; sourceTree = "<group>"; };
		AB3811481A6E514300B45532 /* NumberedViewController.h */ = {isa = PBXFileReference; fileEncoding = 4; lastKnownFileType = sourcecode.c.h; path = NumberedViewController.h; sourceTree = "<group>"; };
		AB3811491A6E514300B45532 /* NumberedViewController.m */ = {isa = PBXFileReference; fileEncoding = 4; lastKnownFileType = sourcecode.c.objc; path = NumberedViewController.m; sourceTree = "<group>"; };
		AB38114B1A6E5BF500B45532 /* LabelViewController.h */ = {isa = PBXFileReference; fileEncoding = 4; lastKnownFileType = sourcecode.c.h; path = LabelViewController.h; sourceTree = "<group>"; };
		AB38114C1A6E5BF500B45532 /* LabelViewController.m */ = {isa = PBXFileReference; fileEncoding = 4; lastKnownFileType = sourcecode.c.objc; path = LabelViewController.m; sourceTree = "<group>"; };
		AB6F403E1A6E633F00DFF80A /* PresentedViewController.h */ = {isa = PBXFileReference; fileEncoding = 4; lastKnownFileType = sourcecode.c.h; path = PresentedViewController.h; sourceTree = "<group>"; };
		AB6F403F1A6E633F00DFF80A /* PresentedViewController.m */ = {isa = PBXFileReference; fileEncoding = 4; lastKnownFileType = sourcecode.c.objc; path = PresentedViewController.m; sourceTree = "<group>"; };
		AB6F40411A6E634800DFF80A /* PresentingViewController.h */ = {isa = PBXFileReference; fileEncoding = 4; lastKnownFileType = sourcecode.c.h; path = PresentingViewController.h; sourceTree = "<group>"; };
		AB6F40421A6E634800DFF80A /* PresentingViewController.m */ = {isa = PBXFileReference; fileEncoding = 4; lastKnownFileType = sourcecode.c.objc; path = PresentingViewController.m; sourceTree = "<group>"; };
		AB6F40441A6E831F00DFF80A /* SlotViewController.h */ = {isa = PBXFileReference; fileEncoding = 4; lastKnownFileType = sourcecode.c.h; path = SlotViewController.h; sourceTree = "<group>"; };
		AB6F40451A6E831F00DFF80A /* SlotViewController.m */ = {isa = PBXFileReference; fileEncoding = 4; lastKnownFileType = sourcecode.c.objc; path = SlotViewController.m; sourceTree = "<group>"; };
		AB6F40471A6E913800DFF80A /* WelcomeTableViewController.h */ = {isa = PBXFileReference; fileEncoding = 4; lastKnownFileType = sourcecode.c.h; path = WelcomeTableViewController.h; sourceTree = "<group>"; };
		AB6F40481A6E913800DFF80A /* WelcomeTableViewController.m */ = {isa = PBXFileReference; fileEncoding = 4; lastKnownFileType = sourcecode.c.objc; path = WelcomeTableViewController.m; sourceTree = "<group>"; };
		AB6F404A1A6E93C100DFF80A /* DetailedTableViewController.h */ = {isa = PBXFileReference; fileEncoding = 4; lastKnownFileType = sourcecode.c.h; path = DetailedTableViewController.h; sourceTree = "<group>"; };
		AB6F404B1A6E93C100DFF80A /* DetailedTableViewController.m */ = {isa = PBXFileReference; fileEncoding = 4; lastKnownFileType = sourcecode.c.objc; path = DetailedTableViewController.m; sourceTree = "<group>"; };
		AB6F404D1A6E962700DFF80A /* SliderCell.h */ = {isa = PBXFileReference; fileEncoding = 4; lastKnownFileType = sourcecode.c.h; path = SliderCell.h; sourceTree = "<group>"; };
		AB6F404E1A6E962700DFF80A /* SliderCell.m */ = {isa = PBXFileReference; fileEncoding = 4; lastKnownFileType = sourcecode.c.objc; path = SliderCell.m; sourceTree = "<group>"; };
/* End PBXFileReference section */

/* Begin PBXFrameworksBuildPhase section */
		AB3811191A6D510F00B45532 /* Frameworks */ = {
			isa = PBXFrameworksBuildPhase;
			buildActionMask = 2147483647;
			files = (
			);
			runOnlyForDeploymentPostprocessing = 0;
		};
/* End PBXFrameworksBuildPhase section */

/* Begin PBXGroup section */
		AB3811131A6D510F00B45532 = {
			isa = PBXGroup;
			children = (
				AB38111E1A6D510F00B45532 /* Supinfo */,
				AB38111D1A6D510F00B45532 /* Products */,
			);
			sourceTree = "<group>";
		};
		AB38111D1A6D510F00B45532 /* Products */ = {
			isa = PBXGroup;
			children = (
				AB38111C1A6D510F00B45532 /* Supinfo.app */,
			);
			name = Products;
			sourceTree = "<group>";
		};
		AB38111E1A6D510F00B45532 /* Supinfo */ = {
			isa = PBXGroup;
			children = (
				AB3811231A6D510F00B45532 /* AppDelegate.h */,
				AB3811241A6D510F00B45532 /* AppDelegate.m */,
				AB3811261A6D510F00B45532 /* ViewController.h */,
				AB3811271A6D510F00B45532 /* ViewController.m */,
				AB3811451A6D5A0D00B45532 /* CounterViewController.h */,
				AB3811461A6D5A0D00B45532 /* CounterViewController.m */,
				AB3811481A6E514300B45532 /* NumberedViewController.h */,
				AB3811491A6E514300B45532 /* NumberedViewController.m */,
				AB38114B1A6E5BF500B45532 /* LabelViewController.h */,
				AB38114C1A6E5BF500B45532 /* LabelViewController.m */,
				AB6F403E1A6E633F00DFF80A /* PresentedViewController.h */,
				AB6F403F1A6E633F00DFF80A /* PresentedViewController.m */,
				AB6F40411A6E634800DFF80A /* PresentingViewController.h */,
				AB6F40421A6E634800DFF80A /* PresentingViewController.m */,
				AB6F40441A6E831F00DFF80A /* SlotViewController.h */,
				AB6F40451A6E831F00DFF80A /* SlotViewController.m */,
				AB6F40471A6E913800DFF80A /* WelcomeTableViewController.h */,
				AB6F40481A6E913800DFF80A /* WelcomeTableViewController.m */,
				AB6F404A1A6E93C100DFF80A /* DetailedTableViewController.h */,
				AB6F404B1A6E93C100DFF80A /* DetailedTableViewController.m */,
				AB6F404D1A6E962700DFF80A /* SliderCell.h */,
				AB6F404E1A6E962700DFF80A /* SliderCell.m */,
				AB38112C1A6D510F00B45532 /* Images.xcassets */,
				AB38112E1A6D510F00B45532 /* LaunchScreen.xib */,
				AB38111F1A6D510F00B45532 /* Supporting Files */,
			);
			path = Supinfo;
			sourceTree = "<group>";
		};
		AB38111F1A6D510F00B45532 /* Supporting Files */ = {
			isa = PBXGroup;
			children = (
				AB3811201A6D510F00B45532 /* Info.plist */,
				AB3811211A6D510F00B45532 /* main.m */,
			);
			name = "Supporting Files";
			sourceTree = "<group>";
		};
/* End PBXGroup section */

/* Begin PBXNativeTarget section */
		AB38111B1A6D510F00B45532 /* Supinfo */ = {
			isa = PBXNativeTarget;
			buildConfigurationList = AB38113F1A6D510F00B45532 /* Build configuration list for PBXNativeTarget "Supinfo" */;
			buildPhases = (
				AB3811181A6D510F00B45532 /* Sources */,
				AB3811191A6D510F00B45532 /* Frameworks */,
				AB38111A1A6D510F00B45532 /* Resources */,
			);
			buildRules = (
			);
			dependencies = (
			);
			name = Supinfo;
			productName = Supinfo;
			productReference = AB38111C1A6D510F00B45532 /* Supinfo.app */;
			productType = "com.apple.product-type.application";
		};
/* End PBXNativeTarget section */

/* Begin PBXProject section */
		AB3811141A6D510F00B45532 /* Project object */ = {
			isa = PBXProject;
			attributes = {
				LastUpgradeCheck = 0610;
				ORGANIZATIONNAME = "Jonathan Tribouharet";
				TargetAttributes = {
					AB38111B1A6D510F00B45532 = {
						CreatedOnToolsVersion = 6.1.1;
					};
				};
			};
			buildConfigurationList = AB3811171A6D510F00B45532 /* Build configuration list for PBXProject "Supinfo" */;
			compatibilityVersion = "Xcode 3.2";
			developmentRegion = English;
			hasScannedForEncodings = 0;
			knownRegions = (
				en,
				Base,
			);
			mainGroup = AB3811131A6D510F00B45532;
			productRefGroup = AB38111D1A6D510F00B45532 /* Products */;
			projectDirPath = "";
			projectRoot = "";
			targets = (
				AB38111B1A6D510F00B45532 /* Supinfo */,
			);
		};
/* End PBXProject section */

/* Begin PBXResourcesBuildPhase section */
		AB38111A1A6D510F00B45532 /* Resources */ = {
			isa = PBXResourcesBuildPhase;
			buildActionMask = 2147483647;
			files = (
				AB3811301A6D510F00B45532 /* LaunchScreen.xib in Resources */,
				AB38112D1A6D510F00B45532 /* Images.xcassets in Resources */,
			);
			runOnlyForDeploymentPostprocessing = 0;
		};
/* End PBXResourcesBuildPhase section */

/* Begin PBXSourcesBuildPhase section */
		AB3811181A6D510F00B45532 /* Sources */ = {
			isa = PBXSourcesBuildPhase;
			buildActionMask = 2147483647;
			files = (
				AB3811281A6D510F00B45532 /* ViewController.m in Sources */,
				AB6F40401A6E633F00DFF80A /* PresentedViewController.m in Sources */,
				AB3811471A6D5A0D00B45532 /* CounterViewController.m in Sources */,
				AB6F40431A6E634800DFF80A /* PresentingViewController.m in Sources */,
				AB6F40461A6E831F00DFF80A /* SlotViewController.m in Sources */,
				AB38114A1A6E514300B45532 /* NumberedViewController.m in Sources */,
				AB3811251A6D510F00B45532 /* AppDelegate.m in Sources */,
				AB6F404C1A6E93C100DFF80A /* DetailedTableViewController.m in Sources */,
				AB3811221A6D510F00B45532 /* main.m in Sources */,
				AB6F40491A6E913800DFF80A /* WelcomeTableViewController.m in Sources */,
				AB6F404F1A6E962700DFF80A /* SliderCell.m in Sources */,
				AB38114D1A6E5BF500B45532 /* LabelViewController.m in Sources */,
			);
			runOnlyForDeploymentPostprocessing = 0;
		};
/* End PBXSourcesBuildPhase section */

/* Begin PBXVariantGroup section */
		AB38112E1A6D510F00B45532 /* LaunchScreen.xib */ = {
			isa = PBXVariantGroup;
			children = (
				AB38112F1A6D510F00B45532 /* Base */,
			);
			name = LaunchScreen.xib;
			sourceTree = "<group>";
		};
/* End PBXVariantGroup section */

/* Begin XCBuildConfiguration section */
		AB38113D1A6D510F00B45532 /* Debug */ = {
			isa = XCBuildConfiguration;
			buildSettings = {
				ALWAYS_SEARCH_USER_PATHS = NO;
				CLANG_CXX_LANGUAGE_STANDARD = "gnu++0x";
				CLANG_CXX_LIBRARY = "libc++";
				CLANG_ENABLE_MODULES = YES;
				CLANG_ENABLE_OBJC_ARC = YES;
				CLANG_WARN_BOOL_CONVERSION = YES;
				CLANG_WARN_CONSTANT_CONVERSION = YES;
				CLANG_WARN_DIRECT_OBJC_ISA_USAGE = YES_ERROR;
				CLANG_WARN_EMPTY_BODY = YES;
				CLANG_WARN_ENUM_CONVERSION = YES;
				CLANG_WARN_INT_CONVERSION = YES;
				CLANG_WARN_OBJC_ROOT_CLASS = YES_ERROR;
				CLANG_WARN_UNREACHABLE_CODE = YES;
				CLANG_WARN__DUPLICATE_METHOD_MATCH = YES;
				"CODE_SIGN_IDENTITY[sdk=iphoneos*]" = "iPhone Developer";
				COPY_PHASE_STRIP = NO;
				ENABLE_STRICT_OBJC_MSGSEND = YES;
				GCC_C_LANGUAGE_STANDARD = gnu99;
				GCC_DYNAMIC_NO_PIC = NO;
				GCC_OPTIMIZATION_LEVEL = 0;
				GCC_PREPROCESSOR_DEFINITIONS = (
					"DEBUG=1",
					"$(inherited)",
				);
				GCC_SYMBOLS_PRIVATE_EXTERN = NO;
				GCC_WARN_64_TO_32_BIT_CONVERSION = YES;
				GCC_WARN_ABOUT_RETURN_TYPE = YES_ERROR;
				GCC_WARN_UNDECLARED_SELECTOR = YES;
				GCC_WARN_UNINITIALIZED_AUTOS = YES_AGGRESSIVE;
				GCC_WARN_UNUSED_FUNCTION = YES;
				GCC_WARN_UNUSED_VARIABLE = YES;
				IPHONEOS_DEPLOYMENT_TARGET = 8.1;
				MTL_ENABLE_DEBUG_INFO = YES;
				ONLY_ACTIVE_ARCH = YES;
				SDKROOT = iphoneos;
			};
			name = Debug;
		};
		AB38113E1A6D510F00B45532 /* Release */ = {
			isa = XCBuildConfiguration;
			buildSettings = {
				ALWAYS_SEARCH_USER_PATHS = NO;
				CLANG_CXX_LANGUAGE_STANDARD = "gnu++0x";
				CLANG_CXX_LIBRARY = "libc++";
				CLANG_ENABLE_MODULES = YES;
				CLANG_ENABLE_OBJC_ARC = YES;
				CLANG_WARN_BOOL_CONVERSION = YES;
				CLANG_WARN_CONSTANT_CONVERSION = YES;
				CLANG_WARN_DIRECT_OBJC_ISA_USAGE = YES_ERROR;
				CLANG_WARN_EMPTY_BODY = YES;
				CLANG_WARN_ENUM_CONVERSION = YES;
				CLANG_WARN_INT_CONVERSION = YES;
				CLANG_WARN_OBJC_ROOT_CLASS = YES_ERROR;
				CLANG_WARN_UNREACHABLE_CODE = YES;
				CLANG_WARN__DUPLICATE_METHOD_MATCH = YES;
				"CODE_SIGN_IDENTITY[sdk=iphoneos*]" = "iPhone Developer";
				COPY_PHASE_STRIP = YES;
				ENABLE_NS_ASSERTIONS = NO;
				ENABLE_STRICT_OBJC_MSGSEND = YES;
				GCC_C_LANGUAGE_STANDARD = gnu99;
				GCC_WARN_64_TO_32_BIT_CONVERSION = YES;
				GCC_WARN_ABOUT_RETURN_TYPE = YES_ERROR;
				GCC_WARN_UNDECLARED_SELECTOR = YES;
				GCC_WARN_UNINITIALIZED_AUTOS = YES_AGGRESSIVE;
				GCC_WARN_UNUSED_FUNCTION = YES;
				GCC_WARN_UNUSED_VARIABLE = YES;
				IPHONEOS_DEPLOYMENT_TARGET = 8.1;
				MTL_ENABLE_DEBUG_INFO = NO;
				SDKROOT = iphoneos;
				VALIDATE_PRODUCT = YES;
			};
			name = Release;
		};
		AB3811401A6D510F00B45532 /* Debug */ = {
			isa = XCBuildConfiguration;
			buildSettings = {
				ASSETCATALOG_COMPILER_APPICON_NAME = AppIcon;
				INFOPLIST_FILE = Supinfo/Info.plist;
				LD_RUNPATH_SEARCH_PATHS = "$(inherited) @executable_path/Frameworks";
				PRODUCT_NAME = "$(TARGET_NAME)";
			};
			name = Debug;
		};
		AB3811411A6D510F00B45532 /* Release */ = {
			isa = XCBuildConfiguration;
			buildSettings = {
				ASSETCATALOG_COMPILER_APPICON_NAME = AppIcon;
				INFOPLIST_FILE = Supinfo/Info.plist;
				LD_RUNPATH_SEARCH_PATHS = "$(inherited) @executable_path/Frameworks";
				PRODUCT_NAME = "$(TARGET_NAME)";
			};
			name = Release;
		};
/* End XCBuildConfiguration section */

/* Begin XCConfigurationList section */
		AB3811171A6D510F00B45532 /* Build configuration list for PBXProject "Supinfo" */ = {
			isa = XCConfigurationList;
			buildConfigurations = (
				AB38113D1A6D510F00B45532 /* Debug */,
				AB38113E1A6D510F00B45532 /* Release */,
			);
			defaultConfigurationIsVisible = 0;
			defaultConfigurationName = Release;
		};
		AB38113F1A6D510F00B45532 /* Build configuration list for PBXNativeTarget "Supinfo" */ = {
			isa = XCConfigurationList;
			buildConfigurations = (
				AB3811401A6D510F00B45532 /* Debug */,
				AB3811411A6D510F00B45532 /* Release */,
			);
			defaultConfigurationIsVisible = 0;
			defaultConfigurationName = Release;
		};
/* End XCConfigurationList section */
	};
	rootObject = AB3811141A6D510F00B45532 /* Project object */;
}
